// !$*UTF8*$!
{
	archiveVersion = 1;
	classes = {
	};
	objectVersion = 46;
	objects = {

/* Begin PBXBuildFile section */
		A3025F241C6F7E7D004617DB /* AppDelegate.swift in Sources */ = {isa = PBXBuildFile; fileRef = A3025F231C6F7E7D004617DB /* AppDelegate.swift */; };
		A3025F261C6F7E7D004617DB /* HomeViewController.swift in Sources */ = {isa = PBXBuildFile; fileRef = A3025F251C6F7E7D004617DB /* HomeViewController.swift */; };
		A3025F291C6F7E7D004617DB /* Main.storyboard in Resources */ = {isa = PBXBuildFile; fileRef = A3025F271C6F7E7D004617DB /* Main.storyboard */; };
		A3025F2C1C6F7E7D004617DB /* LocalBrew.xcdatamodeld in Sources */ = {isa = PBXBuildFile; fileRef = A3025F2A1C6F7E7D004617DB /* LocalBrew.xcdatamodeld */; };
		A3025F2E1C6F7E7D004617DB /* Assets.xcassets in Resources */ = {isa = PBXBuildFile; fileRef = A3025F2D1C6F7E7D004617DB /* Assets.xcassets */; };
		A3025F311C6F7E7D004617DB /* LaunchScreen.storyboard in Resources */ = {isa = PBXBuildFile; fileRef = A3025F2F1C6F7E7D004617DB /* LaunchScreen.storyboard */; };
		A3025F3C1C6F87B3004617DB /* Brewery.swift in Sources */ = {isa = PBXBuildFile; fileRef = A3025F3B1C6F87B3004617DB /* Brewery.swift */; };
		A37600C41C74E7080045A169 /* MapKit.framework in Frameworks */ = {isa = PBXBuildFile; fileRef = A37600C31C74E7080045A169 /* MapKit.framework */; };
		A37600C61C7507C90045A169 /* Beer.swift in Sources */ = {isa = PBXBuildFile; fileRef = A37600C51C7507C90045A169 /* Beer.swift */; };
		B2117353290697217C4C112E /* Pods_LocalBrew.framework in Frameworks */ = {isa = PBXBuildFile; fileRef = 4D0EE5F2967359314A1FB406 /* Pods_LocalBrew.framework */; };
		DB05AA231C78548100D6F9BB /* Comment.swift in Sources */ = {isa = PBXBuildFile; fileRef = DB05AA221C78548100D6F9BB /* Comment.swift */; };
		DB30EB891C717671006FB1A3 /* FirebaseConnection.swift in Sources */ = {isa = PBXBuildFile; fileRef = DB30EB881C717671006FB1A3 /* FirebaseConnection.swift */; };
		DB90A5D71C7985FA003BE2A2 /* CommentViewController.swift in Sources */ = {isa = PBXBuildFile; fileRef = DB90A5D61C7985FA003BE2A2 /* CommentViewController.swift */; };
		DB9D2EA71C712F30007E7228 /* LoginViewController.swift in Sources */ = {isa = PBXBuildFile; fileRef = DB9D2EA61C712F30007E7228 /* LoginViewController.swift */; };
		DB9D2EAB1C71533F007E7228 /* CreateUserViewController.swift in Sources */ = {isa = PBXBuildFile; fileRef = DB9D2EAA1C71533F007E7228 /* CreateUserViewController.swift */; };
		E50758241C77AD1F008CA35A /* UIColor+LocalBrew.swift in Sources */ = {isa = PBXBuildFile; fileRef = E50758231C77AD1F008CA35A /* UIColor+LocalBrew.swift */; };
		E50758261C77BA72008CA35A /* tabBarViewController.swift in Sources */ = {isa = PBXBuildFile; fileRef = E50758251C77BA72008CA35A /* tabBarViewController.swift */; };
		E5218ED31C750DD8008DF84F /* BeerCell.swift in Sources */ = {isa = PBXBuildFile; fileRef = E5218ED21C750DD8008DF84F /* BeerCell.swift */; };
		E5218EF51C7629B7008DF84F /* WebsiteViewController.swift in Sources */ = {isa = PBXBuildFile; fileRef = E5218EF41C7629B7008DF84F /* WebsiteViewController.swift */; };
		E52D37FF1C77817700184B4E /* CustomActivityIndicator.swift in Sources */ = {isa = PBXBuildFile; fileRef = E52D37FE1C77817700184B4E /* CustomActivityIndicator.swift */; };
		E573040B1C7B718800032D7D /* mapViewController.swift in Sources */ = {isa = PBXBuildFile; fileRef = E573040A1C7B718800032D7D /* mapViewController.swift */; };
		E597B6211C6FDEFE007B8134 /* ProfileViewController.swift in Sources */ = {isa = PBXBuildFile; fileRef = E597B6201C6FDEFE007B8134 /* ProfileViewController.swift */; };
		E597B6231C6FDFFA007B8134 /* BreweryCell.swift in Sources */ = {isa = PBXBuildFile; fileRef = E597B6221C6FDFFA007B8134 /* BreweryCell.swift */; };
		E5ACAB3D1C7232D70013468E /* ChangeCityViewController.swift in Sources */ = {isa = PBXBuildFile; fileRef = E5ACAB3C1C7232D70013468E /* ChangeCityViewController.swift */; };
		E5ACAB3F1C7241540013468E /* DetailViewController.swift in Sources */ = {isa = PBXBuildFile; fileRef = E5ACAB3E1C7241540013468E /* DetailViewController.swift */; };
		E5ACAB411C72426E0013468E /* CoreLocation.framework in Frameworks */ = {isa = PBXBuildFile; fileRef = E5ACAB401C72426E0013468E /* CoreLocation.framework */; };
/* End PBXBuildFile section */

/* Begin PBXFileReference section */
		4D0EE5F2967359314A1FB406 /* Pods_LocalBrew.framework */ = {isa = PBXFileReference; explicitFileType = wrapper.framework; includeInIndex = 0; path = Pods_LocalBrew.framework; sourceTree = BUILT_PRODUCTS_DIR; };
		A3025F201C6F7E7C004617DB /* LocalBrew.app */ = {isa = PBXFileReference; explicitFileType = wrapper.application; includeInIndex = 0; path = LocalBrew.app; sourceTree = BUILT_PRODUCTS_DIR; };
		A3025F231C6F7E7D004617DB /* AppDelegate.swift */ = {isa = PBXFileReference; lastKnownFileType = sourcecode.swift; path = AppDelegate.swift; sourceTree = "<group>"; };
		A3025F251C6F7E7D004617DB /* HomeViewController.swift */ = {isa = PBXFileReference; lastKnownFileType = sourcecode.swift; path = HomeViewController.swift; sourceTree = "<group>"; };
		A3025F281C6F7E7D004617DB /* Base */ = {isa = PBXFileReference; lastKnownFileType = file.storyboard; name = Base; path = Base.lproj/Main.storyboard; sourceTree = "<group>"; };
		A3025F2B1C6F7E7D004617DB /* LocalBrew.xcdatamodel */ = {isa = PBXFileReference; lastKnownFileType = wrapper.xcdatamodel; path = LocalBrew.xcdatamodel; sourceTree = "<group>"; };
		A3025F2D1C6F7E7D004617DB /* Assets.xcassets */ = {isa = PBXFileReference; lastKnownFileType = folder.assetcatalog; path = Assets.xcassets; sourceTree = "<group>"; };
		A3025F301C6F7E7D004617DB /* Base */ = {isa = PBXFileReference; lastKnownFileType = file.storyboard; name = Base; path = Base.lproj/LaunchScreen.storyboard; sourceTree = "<group>"; };
		A3025F321C6F7E7D004617DB /* Info.plist */ = {isa = PBXFileReference; lastKnownFileType = text.plist.xml; path = Info.plist; sourceTree = "<group>"; };
		A3025F3B1C6F87B3004617DB /* Brewery.swift */ = {isa = PBXFileReference; fileEncoding = 4; lastKnownFileType = sourcecode.swift; path = Brewery.swift; sourceTree = "<group>"; };
		A37600C31C74E7080045A169 /* MapKit.framework */ = {isa = PBXFileReference; lastKnownFileType = wrapper.framework; name = MapKit.framework; path = System/Library/Frameworks/MapKit.framework; sourceTree = SDKROOT; };
		A37600C51C7507C90045A169 /* Beer.swift */ = {isa = PBXFileReference; fileEncoding = 4; lastKnownFileType = sourcecode.swift; path = Beer.swift; sourceTree = "<group>"; };
		D156A588F0662AE9F3E3CD9D /* Pods-LocalBrew.release.xcconfig */ = {isa = PBXFileReference; includeInIndex = 1; lastKnownFileType = text.xcconfig; name = "Pods-LocalBrew.release.xcconfig"; path = "Pods/Target Support Files/Pods-LocalBrew/Pods-LocalBrew.release.xcconfig"; sourceTree = "<group>"; };
		D9EE20D9235388306130DE2B /* Pods-LocalBrew.debug.xcconfig */ = {isa = PBXFileReference; includeInIndex = 1; lastKnownFileType = text.xcconfig; name = "Pods-LocalBrew.debug.xcconfig"; path = "Pods/Target Support Files/Pods-LocalBrew/Pods-LocalBrew.debug.xcconfig"; sourceTree = "<group>"; };
		DB05AA221C78548100D6F9BB /* Comment.swift */ = {isa = PBXFileReference; fileEncoding = 4; lastKnownFileType = sourcecode.swift; path = Comment.swift; sourceTree = "<group>"; };
		DB30EB881C717671006FB1A3 /* FirebaseConnection.swift */ = {isa = PBXFileReference; fileEncoding = 4; lastKnownFileType = sourcecode.swift; path = FirebaseConnection.swift; sourceTree = SOURCE_ROOT; };
		DB90A5D61C7985FA003BE2A2 /* CommentViewController.swift */ = {isa = PBXFileReference; fileEncoding = 4; lastKnownFileType = sourcecode.swift; path = CommentViewController.swift; sourceTree = "<group>"; };
		DB9D2EA61C712F30007E7228 /* LoginViewController.swift */ = {isa = PBXFileReference; fileEncoding = 4; lastKnownFileType = sourcecode.swift; path = LoginViewController.swift; sourceTree = "<group>"; };
		DB9D2EAA1C71533F007E7228 /* CreateUserViewController.swift */ = {isa = PBXFileReference; fileEncoding = 4; lastKnownFileType = sourcecode.swift; path = CreateUserViewController.swift; sourceTree = "<group>"; };
		E50758231C77AD1F008CA35A /* UIColor+LocalBrew.swift */ = {isa = PBXFileReference; fileEncoding = 4; lastKnownFileType = sourcecode.swift; path = "UIColor+LocalBrew.swift"; sourceTree = "<group>"; };
		E50758251C77BA72008CA35A /* tabBarViewController.swift */ = {isa = PBXFileReference; fileEncoding = 4; lastKnownFileType = sourcecode.swift; path = tabBarViewController.swift; sourceTree = "<group>"; };
		E5218ED21C750DD8008DF84F /* BeerCell.swift */ = {isa = PBXFileReference; fileEncoding = 4; lastKnownFileType = sourcecode.swift; path = BeerCell.swift; sourceTree = "<group>"; };
		E5218EF41C7629B7008DF84F /* WebsiteViewController.swift */ = {isa = PBXFileReference; fileEncoding = 4; lastKnownFileType = sourcecode.swift; path = WebsiteViewController.swift; sourceTree = "<group>"; };
		E52D37FE1C77817700184B4E /* CustomActivityIndicator.swift */ = {isa = PBXFileReference; fileEncoding = 4; lastKnownFileType = sourcecode.swift; path = CustomActivityIndicator.swift; sourceTree = "<group>"; };
		E573040A1C7B718800032D7D /* mapViewController.swift */ = {isa = PBXFileReference; fileEncoding = 4; lastKnownFileType = sourcecode.swift; path = mapViewController.swift; sourceTree = "<group>"; };
		E597B6201C6FDEFE007B8134 /* ProfileViewController.swift */ = {isa = PBXFileReference; fileEncoding = 4; lastKnownFileType = sourcecode.swift; path = ProfileViewController.swift; sourceTree = "<group>"; };
		E597B6221C6FDFFA007B8134 /* BreweryCell.swift */ = {isa = PBXFileReference; fileEncoding = 4; lastKnownFileType = sourcecode.swift; path = BreweryCell.swift; sourceTree = "<group>"; };
		E5ACAB3C1C7232D70013468E /* ChangeCityViewController.swift */ = {isa = PBXFileReference; fileEncoding = 4; lastKnownFileType = sourcecode.swift; path = ChangeCityViewController.swift; sourceTree = "<group>"; };
		E5ACAB3E1C7241540013468E /* DetailViewController.swift */ = {isa = PBXFileReference; fileEncoding = 4; lastKnownFileType = sourcecode.swift; path = DetailViewController.swift; sourceTree = "<group>"; };
		E5ACAB401C72426E0013468E /* CoreLocation.framework */ = {isa = PBXFileReference; lastKnownFileType = wrapper.framework; name = CoreLocation.framework; path = System/Library/Frameworks/CoreLocation.framework; sourceTree = SDKROOT; };
/* End PBXFileReference section */

/* Begin PBXFrameworksBuildPhase section */
		A3025F1D1C6F7E7C004617DB /* Frameworks */ = {
			isa = PBXFrameworksBuildPhase;
			buildActionMask = 2147483647;
			files = (
				A37600C41C74E7080045A169 /* MapKit.framework in Frameworks */,
				E5ACAB411C72426E0013468E /* CoreLocation.framework in Frameworks */,
				B2117353290697217C4C112E /* Pods_LocalBrew.framework in Frameworks */,
			);
			runOnlyForDeploymentPostprocessing = 0;
		};
/* End PBXFrameworksBuildPhase section */

/* Begin PBXGroup section */
		2226919F9D5E4EB3B7E50324 /* Pods */ = {
			isa = PBXGroup;
			children = (
				D9EE20D9235388306130DE2B /* Pods-LocalBrew.debug.xcconfig */,
				D156A588F0662AE9F3E3CD9D /* Pods-LocalBrew.release.xcconfig */,
			);
			name = Pods;
			sourceTree = "<group>";
		};
		8E085C428772823871E42707 /* Frameworks */ = {
			isa = PBXGroup;
			children = (
				A37600C31C74E7080045A169 /* MapKit.framework */,
				E5ACAB401C72426E0013468E /* CoreLocation.framework */,
				4D0EE5F2967359314A1FB406 /* Pods_LocalBrew.framework */,
			);
			name = Frameworks;
			sourceTree = "<group>";
		};
		A3025F171C6F7E7C004617DB = {
			isa = PBXGroup;
			children = (
				A3025F221C6F7E7C004617DB /* LocalBrew */,
				A3025F211C6F7E7C004617DB /* Products */,
				2226919F9D5E4EB3B7E50324 /* Pods */,
				8E085C428772823871E42707 /* Frameworks */,
			);
			sourceTree = "<group>";
		};
		A3025F211C6F7E7C004617DB /* Products */ = {
			isa = PBXGroup;
			children = (
				A3025F201C6F7E7C004617DB /* LocalBrew.app */,
			);
			name = Products;
			sourceTree = "<group>";
		};
		A3025F221C6F7E7C004617DB /* LocalBrew */ = {
			isa = PBXGroup;
			children = (
				E597B6241C6FE0A9007B8134 /* View */,
				A3025F3A1C6F8764004617DB /* View Controllers */,
				A3025F391C6F872D004617DB /* Models */,
				A3025F231C6F7E7D004617DB /* AppDelegate.swift */,
				A3025F2D1C6F7E7D004617DB /* Assets.xcassets */,
				A3025F271C6F7E7D004617DB /* Main.storyboard */,
				A3025F2F1C6F7E7D004617DB /* LaunchScreen.storyboard */,
				A3025F321C6F7E7D004617DB /* Info.plist */,
				A3025F2A1C6F7E7D004617DB /* LocalBrew.xcdatamodeld */,
			);
			path = LocalBrew;
			sourceTree = "<group>";
		};
		A3025F391C6F872D004617DB /* Models */ = {
			isa = PBXGroup;
			children = (
				DB30EB881C717671006FB1A3 /* FirebaseConnection.swift */,
				A3025F3B1C6F87B3004617DB /* Brewery.swift */,
				A37600C51C7507C90045A169 /* Beer.swift */,
				DB05AA221C78548100D6F9BB /* Comment.swift */,
				E52D37FE1C77817700184B4E /* CustomActivityIndicator.swift */,
				E50758231C77AD1F008CA35A /* UIColor+LocalBrew.swift */,
			);
			name = Models;
			sourceTree = "<group>";
		};
		A3025F3A1C6F8764004617DB /* View Controllers */ = {
			isa = PBXGroup;
			children = (
				A3025F251C6F7E7D004617DB /* HomeViewController.swift */,
				DB90A5D61C7985FA003BE2A2 /* CommentViewController.swift */,
				E5ACAB3C1C7232D70013468E /* ChangeCityViewController.swift */,
				E597B6201C6FDEFE007B8134 /* ProfileViewController.swift */,
				E5ACAB3E1C7241540013468E /* DetailViewController.swift */,
				E5218EF41C7629B7008DF84F /* WebsiteViewController.swift */,
				DB9D2EA61C712F30007E7228 /* LoginViewController.swift */,
				DB9D2EAA1C71533F007E7228 /* CreateUserViewController.swift */,
				E50758251C77BA72008CA35A /* tabBarViewController.swift */,
				E573040A1C7B718800032D7D /* mapViewController.swift */,
			);
			name = "View Controllers";
			sourceTree = "<group>";
		};
		E597B6241C6FE0A9007B8134 /* View */ = {
			isa = PBXGroup;
			children = (
				E597B6221C6FDFFA007B8134 /* BreweryCell.swift */,
				E5218ED21C750DD8008DF84F /* BeerCell.swift */,
			);
			name = View;
			sourceTree = "<group>";
		};
/* End PBXGroup section */

/* Begin PBXNativeTarget section */
		A3025F1F1C6F7E7C004617DB /* LocalBrew */ = {
			isa = PBXNativeTarget;
			buildConfigurationList = A3025F351C6F7E7D004617DB /* Build configuration list for PBXNativeTarget "LocalBrew" */;
			buildPhases = (
				5995FA455E455F6AC8F2A1A0 /* Check Pods Manifest.lock */,
				A3025F1C1C6F7E7C004617DB /* Sources */,
				A3025F1D1C6F7E7C004617DB /* Frameworks */,
				A3025F1E1C6F7E7C004617DB /* Resources */,
				A5E278B30F6C08773206748C /* Embed Pods Frameworks */,
				405B1D4523CC0A974B43102A /* Copy Pods Resources */,
			);
			buildRules = (
			);
			dependencies = (
			);
			name = LocalBrew;
			productName = LocalBrew;
			productReference = A3025F201C6F7E7C004617DB /* LocalBrew.app */;
			productType = "com.apple.product-type.application";
		};
/* End PBXNativeTarget section */

/* Begin PBXProject section */
		A3025F181C6F7E7C004617DB /* Project object */ = {
			isa = PBXProject;
			attributes = {
				LastSwiftUpdateCheck = 0720;
				LastUpgradeCheck = 0720;
				ORGANIZATIONNAME = "Richard Martin";
				TargetAttributes = {
					A3025F1F1C6F7E7C004617DB = {
						CreatedOnToolsVersion = 7.2.1;
						DevelopmentTeam = Q4N89QR649;
					};
				};
			};
			buildConfigurationList = A3025F1B1C6F7E7C004617DB /* Build configuration list for PBXProject "LocalBrew" */;
			compatibilityVersion = "Xcode 3.2";
			developmentRegion = English;
			hasScannedForEncodings = 0;
			knownRegions = (
				en,
				Base,
			);
			mainGroup = A3025F171C6F7E7C004617DB;
			productRefGroup = A3025F211C6F7E7C004617DB /* Products */;
			projectDirPath = "";
			projectRoot = "";
			targets = (
				A3025F1F1C6F7E7C004617DB /* LocalBrew */,
			);
		};
/* End PBXProject section */

/* Begin PBXResourcesBuildPhase section */
		A3025F1E1C6F7E7C004617DB /* Resources */ = {
			isa = PBXResourcesBuildPhase;
			buildActionMask = 2147483647;
			files = (
				A3025F311C6F7E7D004617DB /* LaunchScreen.storyboard in Resources */,
				A3025F2E1C6F7E7D004617DB /* Assets.xcassets in Resources */,
				A3025F291C6F7E7D004617DB /* Main.storyboard in Resources */,
			);
			runOnlyForDeploymentPostprocessing = 0;
		};
/* End PBXResourcesBuildPhase section */

/* Begin PBXShellScriptBuildPhase section */
		405B1D4523CC0A974B43102A /* Copy Pods Resources */ = {
			isa = PBXShellScriptBuildPhase;
			buildActionMask = 2147483647;
			files = (
			);
			inputPaths = (
			);
			name = "Copy Pods Resources";
			outputPaths = (
			);
			runOnlyForDeploymentPostprocessing = 0;
			shellPath = /bin/sh;
			shellScript = "\"${SRCROOT}/Pods/Target Support Files/Pods-LocalBrew/Pods-LocalBrew-resources.sh\"\n";
			showEnvVarsInLog = 0;
		};
		5995FA455E455F6AC8F2A1A0 /* Check Pods Manifest.lock */ = {
			isa = PBXShellScriptBuildPhase;
			buildActionMask = 2147483647;
			files = (
			);
			inputPaths = (
			);
			name = "Check Pods Manifest.lock";
			outputPaths = (
			);
			runOnlyForDeploymentPostprocessing = 0;
			shellPath = /bin/sh;
			shellScript = "diff \"${PODS_ROOT}/../Podfile.lock\" \"${PODS_ROOT}/Manifest.lock\" > /dev/null\nif [[ $? != 0 ]] ; then\n    cat << EOM\nerror: The sandbox is not in sync with the Podfile.lock. Run 'pod install' or update your CocoaPods installation.\nEOM\n    exit 1\nfi\n";
			showEnvVarsInLog = 0;
		};
		A5E278B30F6C08773206748C /* Embed Pods Frameworks */ = {
			isa = PBXShellScriptBuildPhase;
			buildActionMask = 2147483647;
			files = (
			);
			inputPaths = (
			);
			name = "Embed Pods Frameworks";
			outputPaths = (
			);
			runOnlyForDeploymentPostprocessing = 0;
			shellPath = /bin/sh;
			shellScript = "\"${SRCROOT}/Pods/Target Support Files/Pods-LocalBrew/Pods-LocalBrew-frameworks.sh\"\n";
			showEnvVarsInLog = 0;
		};
/* End PBXShellScriptBuildPhase section */

/* Begin PBXSourcesBuildPhase section */
		A3025F1C1C6F7E7C004617DB /* Sources */ = {
			isa = PBXSourcesBuildPhase;
			buildActionMask = 2147483647;
			files = (
				E5218ED31C750DD8008DF84F /* BeerCell.swift in Sources */,
				E5ACAB3F1C7241540013468E /* DetailViewController.swift in Sources */,
				E50758261C77BA72008CA35A /* tabBarViewController.swift in Sources */,
				DB30EB891C717671006FB1A3 /* FirebaseConnection.swift in Sources */,
				DB9D2EA71C712F30007E7228 /* LoginViewController.swift in Sources */,
				A3025F3C1C6F87B3004617DB /* Brewery.swift in Sources */,
				E5ACAB3D1C7232D70013468E /* ChangeCityViewController.swift in Sources */,
				DB05AA231C78548100D6F9BB /* Comment.swift in Sources */,
				E50758241C77AD1F008CA35A /* UIColor+LocalBrew.swift in Sources */,
				A37600C61C7507C90045A169 /* Beer.swift in Sources */,
				A3025F261C6F7E7D004617DB /* HomeViewController.swift in Sources */,
				E573040B1C7B718800032D7D /* mapViewController.swift in Sources */,
				E52D37FF1C77817700184B4E /* CustomActivityIndicator.swift in Sources */,
				DB9D2EAB1C71533F007E7228 /* CreateUserViewController.swift in Sources */,
				E597B6211C6FDEFE007B8134 /* ProfileViewController.swift in Sources */,
				A3025F2C1C6F7E7D004617DB /* LocalBrew.xcdatamodeld in Sources */,
				E597B6231C6FDFFA007B8134 /* BreweryCell.swift in Sources */,
				E5218EF51C7629B7008DF84F /* WebsiteViewController.swift in Sources */,
				A3025F241C6F7E7D004617DB /* AppDelegate.swift in Sources */,
				DB90A5D71C7985FA003BE2A2 /* CommentViewController.swift in Sources */,
			);
			runOnlyForDeploymentPostprocessing = 0;
		};
/* End PBXSourcesBuildPhase section */

/* Begin PBXVariantGroup section */
		A3025F271C6F7E7D004617DB /* Main.storyboard */ = {
			isa = PBXVariantGroup;
			children = (
				A3025F281C6F7E7D004617DB /* Base */,
			);
			name = Main.storyboard;
			sourceTree = "<group>";
		};
		A3025F2F1C6F7E7D004617DB /* LaunchScreen.storyboard */ = {
			isa = PBXVariantGroup;
			children = (
				A3025F301C6F7E7D004617DB /* Base */,
			);
			name = LaunchScreen.storyboard;
			sourceTree = "<group>";
		};
/* End PBXVariantGroup section */

/* Begin XCBuildConfiguration section */
		A3025F331C6F7E7D004617DB /* Debug */ = {
			isa = XCBuildConfiguration;
			buildSettings = {
				ALWAYS_SEARCH_USER_PATHS = NO;
				CLANG_CXX_LANGUAGE_STANDARD = "gnu++0x";
				CLANG_CXX_LIBRARY = "libc++";
				CLANG_ENABLE_MODULES = YES;
				CLANG_ENABLE_OBJC_ARC = YES;
				CLANG_WARN_BOOL_CONVERSION = YES;
				CLANG_WARN_CONSTANT_CONVERSION = YES;
				CLANG_WARN_DIRECT_OBJC_ISA_USAGE = YES_ERROR;
				CLANG_WARN_EMPTY_BODY = YES;
				CLANG_WARN_ENUM_CONVERSION = YES;
				CLANG_WARN_INT_CONVERSION = YES;
				CLANG_WARN_OBJC_ROOT_CLASS = YES_ERROR;
				CLANG_WARN_UNREACHABLE_CODE = YES;
				CLANG_WARN__DUPLICATE_METHOD_MATCH = YES;
				"CODE_SIGN_IDENTITY[sdk=iphoneos*]" = "iPhone Developer";
				COPY_PHASE_STRIP = NO;
				DEBUG_INFORMATION_FORMAT = dwarf;
				ENABLE_STRICT_OBJC_MSGSEND = YES;
				ENABLE_TESTABILITY = YES;
				GCC_C_LANGUAGE_STANDARD = gnu99;
				GCC_DYNAMIC_NO_PIC = NO;
				GCC_NO_COMMON_BLOCKS = YES;
				GCC_OPTIMIZATION_LEVEL = 0;
				GCC_PREPROCESSOR_DEFINITIONS = (
					"DEBUG=1",
					"$(inherited)",
				);
				GCC_WARN_64_TO_32_BIT_CONVERSION = YES;
				GCC_WARN_ABOUT_RETURN_TYPE = YES_ERROR;
				GCC_WARN_UNDECLARED_SELECTOR = YES;
				GCC_WARN_UNINITIALIZED_AUTOS = YES_AGGRESSIVE;
				GCC_WARN_UNUSED_FUNCTION = YES;
				GCC_WARN_UNUSED_VARIABLE = YES;
				IPHONEOS_DEPLOYMENT_TARGET = 9.2;
				MTL_ENABLE_DEBUG_INFO = YES;
				ONLY_ACTIVE_ARCH = YES;
				SDKROOT = iphoneos;
				SWIFT_OPTIMIZATION_LEVEL = "-Onone";
			};
			name = Debug;
		};
		A3025F341C6F7E7D004617DB /* Release */ = {
			isa = XCBuildConfiguration;
			buildSettings = {
				ALWAYS_SEARCH_USER_PATHS = NO;
				CLANG_CXX_LANGUAGE_STANDARD = "gnu++0x";
				CLANG_CXX_LIBRARY = "libc++";
				CLANG_ENABLE_MODULES = YES;
				CLANG_ENABLE_OBJC_ARC = YES;
				CLANG_WARN_BOOL_CONVERSION = YES;
				CLANG_WARN_CONSTANT_CONVERSION = YES;
				CLANG_WARN_DIRECT_OBJC_ISA_USAGE = YES_ERROR;
				CLANG_WARN_EMPTY_BODY = YES;
				CLANG_WARN_ENUM_CONVERSION = YES;
				CLANG_WARN_INT_CONVERSION = YES;
				CLANG_WARN_OBJC_ROOT_CLASS = YES_ERROR;
				CLANG_WARN_UNREACHABLE_CODE = YES;
				CLANG_WARN__DUPLICATE_METHOD_MATCH = YES;
				"CODE_SIGN_IDENTITY[sdk=iphoneos*]" = "iPhone Developer";
				COPY_PHASE_STRIP = NO;
				DEBUG_INFORMATION_FORMAT = "dwarf-with-dsym";
				ENABLE_NS_ASSERTIONS = NO;
				ENABLE_STRICT_OBJC_MSGSEND = YES;
				GCC_C_LANGUAGE_STANDARD = gnu99;
				GCC_NO_COMMON_BLOCKS = YES;
				GCC_WARN_64_TO_32_BIT_CONVERSION = YES;
				GCC_WARN_ABOUT_RETURN_TYPE = YES_ERROR;
				GCC_WARN_UNDECLARED_SELECTOR = YES;
				GCC_WARN_UNINITIALIZED_AUTOS = YES_AGGRESSIVE;
				GCC_WARN_UNUSED_FUNCTION = YES;
				GCC_WARN_UNUSED_VARIABLE = YES;
				IPHONEOS_DEPLOYMENT_TARGET = 9.2;
				MTL_ENABLE_DEBUG_INFO = NO;
				SDKROOT = iphoneos;
				VALIDATE_PRODUCT = YES;
			};
			name = Release;
		};
		A3025F361C6F7E7D004617DB /* Debug */ = {
			isa = XCBuildConfiguration;
			baseConfigurationReference = D9EE20D9235388306130DE2B /* Pods-LocalBrew.debug.xcconfig */;
			buildSettings = {
				ASSETCATALOG_COMPILER_APPICON_NAME = AppIcon;
				CODE_SIGN_IDENTITY = "iPhone Developer";
				"CODE_SIGN_IDENTITY[sdk=iphoneos*]" = "iPhone Developer";
				INFOPLIST_FILE = LocalBrew/Info.plist;
				LD_RUNPATH_SEARCH_PATHS = "$(inherited) @executable_path/Frameworks";
				PRODUCT_BUNDLE_IDENTIFIER = Michael.LocalBrew;
				PRODUCT_NAME = "$(TARGET_NAME)";
				PROVISIONING_PROFILE = "";
			};
			name = Debug;
		};
		A3025F371C6F7E7D004617DB /* Release */ = {
			isa = XCBuildConfiguration;
			baseConfigurationReference = D156A588F0662AE9F3E3CD9D /* Pods-LocalBrew.release.xcconfig */;
			buildSettings = {
				ASSETCATALOG_COMPILER_APPICON_NAME = AppIcon;
				CODE_SIGN_IDENTITY = "iPhone Developer";
				"CODE_SIGN_IDENTITY[sdk=iphoneos*]" = "iPhone Developer";
				INFOPLIST_FILE = LocalBrew/Info.plist;
				LD_RUNPATH_SEARCH_PATHS = "$(inherited) @executable_path/Frameworks";
				PRODUCT_BUNDLE_IDENTIFIER = Michael.LocalBrew;
				PRODUCT_NAME = "$(TARGET_NAME)";
				PROVISIONING_PROFILE = "";
			};
			name = Release;
		};
/* End XCBuildConfiguration section */

/* Begin XCConfigurationList section */
		A3025F1B1C6F7E7C004617DB /* Build configuration list for PBXProject "LocalBrew" */ = {
			isa = XCConfigurationList;
			buildConfigurations = (
				A3025F331C6F7E7D004617DB /* Debug */,
				A3025F341C6F7E7D004617DB /* Release */,
			);
			defaultConfigurationIsVisible = 0;
			defaultConfigurationName = Release;
		};
		A3025F351C6F7E7D004617DB /* Build configuration list for PBXNativeTarget "LocalBrew" */ = {
			isa = XCConfigurationList;
			buildConfigurations = (
				A3025F361C6F7E7D004617DB /* Debug */,
				A3025F371C6F7E7D004617DB /* Release */,
			);
			defaultConfigurationIsVisible = 0;
			defaultConfigurationName = Release;
		};
/* End XCConfigurationList section */

/* Begin XCVersionGroup section */
		A3025F2A1C6F7E7D004617DB /* LocalBrew.xcdatamodeld */ = {
			isa = XCVersionGroup;
			children = (
				A3025F2B1C6F7E7D004617DB /* LocalBrew.xcdatamodel */,
			);
			currentVersion = A3025F2B1C6F7E7D004617DB /* LocalBrew.xcdatamodel */;
			path = LocalBrew.xcdatamodeld;
			sourceTree = "<group>";
			versionGroupType = wrapper.xcdatamodel;
		};
/* End XCVersionGroup section */
	};
	rootObject = A3025F181C6F7E7C004617DB /* Project object */;
}
